
Microsoft Visual Studio Solution File, Format Version 12.00
# Visual Studio Version 16
VisualStudioVersion = 16.0.30011.22
MinimumVisualStudioVersion = 10.0.40219.1
Project("{FAE04EC0-301F-11D3-BF4B-00C04F79EFBC}") = "Actividad 4 - Programación Dinamica", "Actividad 4 - Programación Dinamica\Actividad 4 - Programación Dinamica.csproj", "{23E2EFBE-674C-4F32-923E-B9FFF866165C}"
EndProject
Global
	GlobalSection(SolutionConfigurationPlatforms) = preSolution
		Debug|Any CPU = Debug|Any CPU
		Release|Any CPU = Release|Any CPU
	EndGlobalSection
	GlobalSection(ProjectConfigurationPlatforms) = postSolution
		{23E2EFBE-674C-4F32-923E-B9FFF866165C}.Debug|Any CPU.ActiveCfg = Debug|Any CPU
		{23E2EFBE-674C-4F32-923E-B9FFF866165C}.Debug|Any CPU.Build.0 = Debug|Any CPU
		{23E2EFBE-674C-4F32-923E-B9FFF866165C}.Release|Any CPU.ActiveCfg = Release|Any CPU
		{23E2EFBE-674C-4F32-923E-B9FFF866165C}.Release|Any CPU.Build.0 = Release|Any CPU
	EndGlobalSection
	GlobalSection(SolutionProperties) = preSolution
		HideSolutionNode = FALSE
	EndGlobalSection
	GlobalSection(ExtensibilityGlobals) = postSolution
		SolutionGuid = {33204595-6117-43A0-B506-58CA41FC2474}
	EndGlobalSection
EndGlobal
